
Microsoft Visual Studio Solution File, Format Version 12.00
# Visual Studio Version 16
VisualStudioVersion = 16.0.30907.101
MinimumVisualStudioVersion = 10.0.40219.1
Project("{FAE04EC0-301F-11D3-BF4B-00C04F79EFBC}") = "ProjectManagementApp", "ProjectManagementApp.csproj", "{4F413314-1486-40FC-B0F1-82EE83EE900B}"
EndProject
Global
	GlobalSection(SolutionConfigurationPlatforms) = preSolution
		Debug|Any CPU = Debug|Any CPU
		Release|Any CPU = Release|Any CPU
	EndGlobalSection
	GlobalSection(ProjectConfigurationPlatforms) = postSolution
		{4F413314-1486-40FC-B0F1-82EE83EE900B}.Debug|Any CPU.ActiveCfg = Debug|Any CPU
		{4F413314-1486-40FC-B0F1-82EE83EE900B}.Debug|Any CPU.Build.0 = Debug|Any CPU
		{4F413314-1486-40FC-B0F1-82EE83EE900B}.Release|Any CPU.ActiveCfg = Release|Any CPU
		{4F413314-1486-40FC-B0F1-82EE83EE900B}.Release|Any CPU.Build.0 = Release|Any CPU
	EndGlobalSection
	GlobalSection(SolutionProperties) = preSolution
		HideSolutionNode = FALSE
	EndGlobalSection
	GlobalSection(ExtensibilityGlobals) = postSolution
		SolutionGuid = {05AABE60-21B9-4A86-8C99-A78F3C24517F}
	EndGlobalSection
EndGlobal
